
Microsoft Visual Studio Solution File, Format Version 12.00
# Visual Studio Version 17
VisualStudioVersion = 17.14.36915.13 d17.14
MinimumVisualStudioVersion = 10.0.40219.1
Project("{FAE04EC0-301F-11D3-BF4B-00C04F79EFBC}") = "EncryptieGroep3", "EncryptieGroep3\EncryptieGroep3.csproj", "{E01B3AE1-D05B-485E-A483-E8A3C98AA8BE}"
EndProject
Global
	GlobalSection(SolutionConfigurationPlatforms) = preSolution
		Debug|Any CPU = Debug|Any CPU
		Release|Any CPU = Release|Any CPU
	EndGlobalSection
	GlobalSection(ProjectConfigurationPlatforms) = postSolution
		{E01B3AE1-D05B-485E-A483-E8A3C98AA8BE}.Debug|Any CPU.ActiveCfg = Debug|Any CPU
		{E01B3AE1-D05B-485E-A483-E8A3C98AA8BE}.Debug|Any CPU.Build.0 = Debug|Any CPU
		{E01B3AE1-D05B-485E-A483-E8A3C98AA8BE}.Release|Any CPU.ActiveCfg = Release|Any CPU
		{E01B3AE1-D05B-485E-A483-E8A3C98AA8BE}.Release|Any CPU.Build.0 = Release|Any CPU
	EndGlobalSection
	GlobalSection(SolutionProperties) = preSolution
		HideSolutionNode = FALSE
	EndGlobalSection
	GlobalSection(ExtensibilityGlobals) = postSolution
		SolutionGuid = {14ACA283-DB8C-4405-AA6D-5D8D062FFFAC}
	EndGlobalSection
EndGlobal
